// !$*UTF8*$!
{
	archiveVersion = 1;
	classes = {
	};
	objectVersion = 46;
	objects = {

/* Begin PBXBuildFile section */
		D445670A1C08A06C0042C412 /* AppDelegate.swift in Sources */ = {isa = PBXBuildFile; fileRef = D44567091C08A06C0042C412 /* AppDelegate.swift */; };
		D445670C1C08A06C0042C412 /* ViewController.swift in Sources */ = {isa = PBXBuildFile; fileRef = D445670B1C08A06C0042C412 /* ViewController.swift */; };
		D445670F1C08A06C0042C412 /* Main.storyboard in Resources */ = {isa = PBXBuildFile; fileRef = D445670D1C08A06C0042C412 /* Main.storyboard */; };
		D44567111C08A06C0042C412 /* Assets.xcassets in Resources */ = {isa = PBXBuildFile; fileRef = D44567101C08A06C0042C412 /* Assets.xcassets */; };
		D44567141C08A06C0042C412 /* LaunchScreen.storyboard in Resources */ = {isa = PBXBuildFile; fileRef = D44567121C08A06C0042C412 /* LaunchScreen.storyboard */; };
/* End PBXBuildFile section */

/* Begin PBXFileReference section */
		D44567061C08A06C0042C412 /* guitartuner.app */ = {isa = PBXFileReference; explicitFileType = wrapper.application; includeInIndex = 0; path = guitartuner.app; sourceTree = BUILT_PRODUCTS_DIR; };
		D44567091C08A06C0042C412 /* AppDelegate.swift */ = {isa = PBXFileReference; lastKnownFileType = sourcecode.swift; path = AppDelegate.swift; sourceTree = "<group>"; };
		D445670B1C08A06C0042C412 /* ViewController.swift */ = {isa = PBXFileReference; lastKnownFileType = sourcecode.swift; path = ViewController.swift; sourceTree = "<group>"; };
		D445670E1C08A06C0042C412 /* Base */ = {isa = PBXFileReference; lastKnownFileType = file.storyboard; name = Base; path = Base.lproj/Main.storyboard; sourceTree = "<group>"; };
		D44567101C08A06C0042C412 /* Assets.xcassets */ = {isa = PBXFileReference; lastKnownFileType = folder.assetcatalog; path = Assets.xcassets; sourceTree = "<group>"; };
		D44567131C08A06C0042C412 /* Base */ = {isa = PBXFileReference; lastKnownFileType = file.storyboard; name = Base; path = Base.lproj/LaunchScreen.storyboard; sourceTree = "<group>"; };
		D44567151C08A06C0042C412 /* Info.plist */ = {isa = PBXFileReference; lastKnownFileType = text.plist.xml; path = Info.plist; sourceTree = "<group>"; };
/* End PBXFileReference section */

/* Begin PBXFrameworksBuildPhase section */
		D44567031C08A06C0042C412 /* Frameworks */ = {
			isa = PBXFrameworksBuildPhase;
			buildActionMask = 2147483647;
			files = (
			);
			runOnlyForDeploymentPostprocessing = 0;
		};
/* End PBXFrameworksBuildPhase section */

/* Begin PBXGroup section */
		D44566FD1C08A06C0042C412 = {
			isa = PBXGroup;
			children = (
				D44567081C08A06C0042C412 /* guitartuner */,
				D44567071C08A06C0042C412 /* Products */,
			);
			sourceTree = "<group>";
		};
		D44567071C08A06C0042C412 /* Products */ = {
			isa = PBXGroup;
			children = (
				D44567061C08A06C0042C412 /* guitartuner.app */,
			);
			name = Products;
			sourceTree = "<group>";
		};
		D44567081C08A06C0042C412 /* guitartuner */ = {
			isa = PBXGroup;
			children = (
				D44567091C08A06C0042C412 /* AppDelegate.swift */,
				D445670B1C08A06C0042C412 /* ViewController.swift */,
				D445670D1C08A06C0042C412 /* Main.storyboard */,
				D44567101C08A06C0042C412 /* Assets.xcassets */,
				D44567121C08A06C0042C412 /* LaunchScreen.storyboard */,
				D44567151C08A06C0042C412 /* Info.plist */,
			);
			path = guitartuner;
			sourceTree = "<group>";
		};
/* End PBXGroup section */

/* Begin PBXNativeTarget section */
		D44567051C08A06C0042C412 /* guitartuner */ = {
			isa = PBXNativeTarget;
			buildConfigurationList = D44567181C08A06C0042C412 /* Build configuration list for PBXNativeTarget "guitartuner" */;
			buildPhases = (
				D44567021C08A06C0042C412 /* Sources */,
				D44567031C08A06C0042C412 /* Frameworks */,
				D44567041C08A06C0042C412 /* Resources */,
			);
			buildRules = (
			);
			dependencies = (
			);
			name = guitartuner;
			productName = guitartuner;
			productReference = D44567061C08A06C0042C412 /* guitartuner.app */;
			productType = "com.apple.product-type.application";
		};
/* End PBXNativeTarget section */

/* Begin PBXProject section */
		D44566FE1C08A06C0042C412 /* Project object */ = {
			isa = PBXProject;
			attributes = {
				LastUpgradeCheck = 0700;
				ORGANIZATIONNAME = WIT;
				TargetAttributes = {
					D44567051C08A06C0042C412 = {
						CreatedOnToolsVersion = 7.0;
					};
				};
			};
			buildConfigurationList = D44567011C08A06C0042C412 /* Build configuration list for PBXProject "guitartuner" */;
			compatibilityVersion = "Xcode 3.2";
			developmentRegion = English;
			hasScannedForEncodings = 0;
			knownRegions = (
				en,
				Base,
			);
			mainGroup = D44566FD1C08A06C0042C412;
			productRefGroup = D44567071C08A06C0042C412 /* Products */;
			projectDirPath = "";
			projectRoot = "";
			targets = (
				D44567051C08A06C0042C412 /* guitartuner */,
			);
		};
/* End PBXProject section */

/* Begin PBXResourcesBuildPhase section */
		D44567041C08A06C0042C412 /* Resources */ = {
			isa = PBXResourcesBuildPhase;
			buildActionMask = 2147483647;
			files = (
				D44567141C08A06C0042C412 /* LaunchScreen.storyboard in Resources */,
				D44567111C08A06C0042C412 /* Assets.xcassets in Resources */,
				D445670F1C08A06C0042C412 /* Main.storyboard in Resources */,
			);
			runOnlyForDeploymentPostprocessing = 0;
		};
/* End PBXResourcesBuildPhase section */

/* Begin PBXSourcesBuildPhase section */
		D44567021C08A06C0042C412 /* Sources */ = {
			isa = PBXSourcesBuildPhase;
			buildActionMask = 2147483647;
			files = (
				D445670C1C08A06C0042C412 /* ViewController.swift in Sources */,
				D445670A1C08A06C0042C412 /* AppDelegate.swift in Sources */,
			);
			runOnlyForDeploymentPostprocessing = 0;
		};
/* End PBXSourcesBuildPhase section */

/* Begin PBXVariantGroup section */
		D445670D1C08A06C0042C412 /* Main.storyboard */ = {
			isa = PBXVariantGroup;
			children = (
				D445670E1C08A06C0042C412 /* Base */,
			);
			name = Main.storyboard;
			sourceTree = "<group>";
		};
		D44567121C08A06C0042C412 /* LaunchScreen.storyboard */ = {
			isa = PBXVariantGroup;
			children = (
				D44567131C08A06C0042C412 /* Base */,
			);
			name = LaunchScreen.storyboard;
			sourceTree = "<group>";
		};
/* End PBXVariantGroup section */

/* Begin XCBuildConfiguration section */
		D44567161C08A06C0042C412 /* Debug */ = {
			isa = XCBuildConfiguration;
			buildSettings = {
				ALWAYS_SEARCH_USER_PATHS = NO;
				CLANG_CXX_LANGUAGE_STANDARD = "gnu++0x";
				CLANG_CXX_LIBRARY = "libc++";
				CLANG_ENABLE_MODULES = YES;
				CLANG_ENABLE_OBJC_ARC = YES;
				CLANG_WARN_BOOL_CONVERSION = YES;
				CLANG_WARN_CONSTANT_CONVERSION = YES;
				CLANG_WARN_DIRECT_OBJC_ISA_USAGE = YES_ERROR;
				CLANG_WARN_EMPTY_BODY = YES;
				CLANG_WARN_ENUM_CONVERSION = YES;
				CLANG_WARN_INT_CONVERSION = YES;
				CLANG_WARN_OBJC_ROOT_CLASS = YES_ERROR;
				CLANG_WARN_UNREACHABLE_CODE = YES;
				CLANG_WARN__DUPLICATE_METHOD_MATCH = YES;
				"CODE_SIGN_IDENTITY[sdk=iphoneos*]" = "iPhone Developer";
				COPY_PHASE_STRIP = NO;
				DEBUG_INFORMATION_FORMAT = dwarf;
				ENABLE_STRICT_OBJC_MSGSEND = YES;
				ENABLE_TESTABILITY = YES;
				GCC_C_LANGUAGE_STANDARD = gnu99;
				GCC_DYNAMIC_NO_PIC = NO;
				GCC_NO_COMMON_BLOCKS = YES;
				GCC_OPTIMIZATION_LEVEL = 0;
				GCC_PREPROCESSOR_DEFINITIONS = (
					"DEBUG=1",
					"$(inherited)",
				);
				GCC_WARN_64_TO_32_BIT_CONVERSION = YES;
				GCC_WARN_ABOUT_RETURN_TYPE = YES_ERROR;
				GCC_WARN_UNDECLARED_SELECTOR = YES;
				GCC_WARN_UNINITIALIZED_AUTOS = YES_AGGRESSIVE;
				GCC_WARN_UNUSED_FUNCTION = YES;
				GCC_WARN_UNUSED_VARIABLE = YES;
				IPHONEOS_DEPLOYMENT_TARGET = 9.0;
				MTL_ENABLE_DEBUG_INFO = YES;
				ONLY_ACTIVE_ARCH = YES;
				SDKROOT = iphoneos;
				SWIFT_OPTIMIZATION_LEVEL = "-Onone";
			};
			name = Debug;
		};
		D44567171C08A06C0042C412 /* Release */ = {
			isa = XCBuildConfiguration;
			buildSettings = {
				ALWAYS_SEARCH_USER_PATHS = NO;
				CLANG_CXX_LANGUAGE_STANDARD = "gnu++0x";
				CLANG_CXX_LIBRARY = "libc++";
				CLANG_ENABLE_MODULES = YES;
				CLANG_ENABLE_OBJC_ARC = YES;
				CLANG_WARN_BOOL_CONVERSION = YES;
				CLANG_WARN_CONSTANT_CONVERSION = YES;
				CLANG_WARN_DIRECT_OBJC_ISA_USAGE = YES_ERROR;
				CLANG_WARN_EMPTY_BODY = YES;
				CLANG_WARN_ENUM_CONVERSION = YES;
				CLANG_WARN_INT_CONVERSION = YES;
				CLANG_WARN_OBJC_ROOT_CLASS = YES_ERROR;
				CLANG_WARN_UNREACHABLE_CODE = YES;
				CLANG_WARN__DUPLICATE_METHOD_MATCH = YES;
				"CODE_SIGN_IDENTITY[sdk=iphoneos*]" = "iPhone Developer";
				COPY_PHASE_STRIP = NO;
				DEBUG_INFORMATION_FORMAT = "dwarf-with-dsym";
				ENABLE_NS_ASSERTIONS = NO;
				ENABLE_STRICT_OBJC_MSGSEND = YES;
				GCC_C_LANGUAGE_STANDARD = gnu99;
				GCC_NO_COMMON_BLOCKS = YES;
				GCC_WARN_64_TO_32_BIT_CONVERSION = YES;
				GCC_WARN_ABOUT_RETURN_TYPE = YES_ERROR;
				GCC_WARN_UNDECLARED_SELECTOR = YES;
				GCC_WARN_UNINITIALIZED_AUTOS = YES_AGGRESSIVE;
				GCC_WARN_UNUSED_FUNCTION = YES;
				GCC_WARN_UNUSED_VARIABLE = YES;
				IPHONEOS_DEPLOYMENT_TARGET = 9.0;
				MTL_ENABLE_DEBUG_INFO = NO;
				SDKROOT = iphoneos;
				VALIDATE_PRODUCT = YES;
			};
			name = Release;
		};
		D44567191C08A06C0042C412 /* Debug */ = {
			isa = XCBuildConfiguration;
			buildSettings = {
				ASSETCATALOG_COMPILER_APPICON_NAME = AppIcon;
				INFOPLIST_FILE = guitartuner/Info.plist;
				LD_RUNPATH_SEARCH_PATHS = "$(inherited) @executable_path/Frameworks";
				PRODUCT_BUNDLE_IDENTIFIER = ie.wit.guitartuner;
				PRODUCT_NAME = "$(TARGET_NAME)";
			};
			name = Debug;
		};
		D445671A1C08A06C0042C412 /* Release */ = {
			isa = XCBuildConfiguration;
			buildSettings = {
				ASSETCATALOG_COMPILER_APPICON_NAME = AppIcon;
				INFOPLIST_FILE = guitartuner/Info.plist;
				LD_RUNPATH_SEARCH_PATHS = "$(inherited) @executable_path/Frameworks";
				PRODUCT_BUNDLE_IDENTIFIER = ie.wit.guitartuner;
				PRODUCT_NAME = "$(TARGET_NAME)";
			};
			name = Release;
		};
/* End XCBuildConfiguration section */

/* Begin XCConfigurationList section */
		D44567011C08A06C0042C412 /* Build configuration list for PBXProject "guitartuner" */ = {
			isa = XCConfigurationList;
			buildConfigurations = (
				D44567161C08A06C0042C412 /* Debug */,
				D44567171C08A06C0042C412 /* Release */,
			);
			defaultConfigurationIsVisible = 0;
			defaultConfigurationName = Release;
		};
		D44567181C08A06C0042C412 /* Build configuration list for PBXNativeTarget "guitartuner" */ = {
			isa = XCConfigurationList;
			buildConfigurations = (
				D44567191C08A06C0042C412 /* Debug */,
				D445671A1C08A06C0042C412 /* Release */,
			);
			defaultConfigurationIsVisible = 0;
		};
/* End XCConfigurationList section */
	};
	rootObject = D44566FE1C08A06C0042C412 /* Project object */;
}
